
Microsoft Visual Studio Solution File, Format Version 12.00
# Visual Studio Version 17
VisualStudioVersion = 17.13.35931.197 d17.13
MinimumVisualStudioVersion = 10.0.40219.1
Project("{FAE04EC0-301F-11D3-BF4B-00C04F79EFBC}") = "vanish", "vanish\vanish.csproj", "{76F7560B-1F31-435B-B59F-DB79E30F92E7}"
EndProject
Global
	GlobalSection(SolutionConfigurationPlatforms) = preSolution
		Debug|Any CPU = Debug|Any CPU
		Debug|x64 = Debug|x64
		Release|Any CPU = Release|Any CPU
		Release|x64 = Release|x64
	EndGlobalSection
	GlobalSection(ProjectConfigurationPlatforms) = postSolution
		{76F7560B-1F31-435B-B59F-DB79E30F92E7}.Debug|Any CPU.ActiveCfg = Release|Any CPU
		{76F7560B-1F31-435B-B59F-DB79E30F92E7}.Debug|Any CPU.Build.0 = Release|Any CPU
		{76F7560B-1F31-435B-B59F-DB79E30F92E7}.Debug|x64.ActiveCfg = Debug|x64
		{76F7560B-1F31-435B-B59F-DB79E30F92E7}.Debug|x64.Build.0 = Debug|x64
		{76F7560B-1F31-435B-B59F-DB79E30F92E7}.Release|Any CPU.ActiveCfg = Release|Any CPU
		{76F7560B-1F31-435B-B59F-DB79E30F92E7}.Release|Any CPU.Build.0 = Release|Any CPU
		{76F7560B-1F31-435B-B59F-DB79E30F92E7}.Release|x64.ActiveCfg = Release|x64
		{76F7560B-1F31-435B-B59F-DB79E30F92E7}.Release|x64.Build.0 = Release|x64
	EndGlobalSection
	GlobalSection(SolutionProperties) = preSolution
		HideSolutionNode = FALSE
	EndGlobalSection
	GlobalSection(ExtensibilityGlobals) = postSolution
		SolutionGuid = {E7099ACE-E6A5-4DF3-B385-84085B48ECF1}
	EndGlobalSection
EndGlobal
