
Microsoft Visual Studio Solution File, Format Version 12.00
# Visual Studio Version 17
VisualStudioVersion = 17.13.35931.197 d17.13
MinimumVisualStudioVersion = 10.0.40219.1
Project("{FAE04EC0-301F-11D3-BF4B-00C04F79EFBC}") = "shadowstrike", "shadowstrike\shadowstrike.csproj", "{1A886C83-F6CB-435B-950B-A1107ED6E019}"
EndProject
Global
	GlobalSection(SolutionConfigurationPlatforms) = preSolution
		Debug|Any CPU = Debug|Any CPU
		Debug|x64 = Debug|x64
		Release|Any CPU = Release|Any CPU
		Release|x64 = Release|x64
	EndGlobalSection
	GlobalSection(ProjectConfigurationPlatforms) = postSolution
		{1A886C83-F6CB-435B-950B-A1107ED6E019}.Debug|Any CPU.ActiveCfg = Debug|Any CPU
		{1A886C83-F6CB-435B-950B-A1107ED6E019}.Debug|Any CPU.Build.0 = Debug|Any CPU
		{1A886C83-F6CB-435B-950B-A1107ED6E019}.Debug|x64.ActiveCfg = Debug|x64
		{1A886C83-F6CB-435B-950B-A1107ED6E019}.Debug|x64.Build.0 = Debug|x64
		{1A886C83-F6CB-435B-950B-A1107ED6E019}.Release|Any CPU.ActiveCfg = Release|Any CPU
		{1A886C83-F6CB-435B-950B-A1107ED6E019}.Release|Any CPU.Build.0 = Release|Any CPU
		{1A886C83-F6CB-435B-950B-A1107ED6E019}.Release|x64.ActiveCfg = Release|x64
		{1A886C83-F6CB-435B-950B-A1107ED6E019}.Release|x64.Build.0 = Release|x64
	EndGlobalSection
	GlobalSection(SolutionProperties) = preSolution
		HideSolutionNode = FALSE
	EndGlobalSection
	GlobalSection(ExtensibilityGlobals) = postSolution
		SolutionGuid = {1D0B010F-B690-4FCB-A27B-651C06FB7438}
	EndGlobalSection
EndGlobal
