
Microsoft Visual Studio Solution File, Format Version 12.00
# Visual Studio Version 17
VisualStudioVersion = 17.13.35931.197 d17.13
MinimumVisualStudioVersion = 10.0.40219.1
Project("{FAE04EC0-301F-11D3-BF4B-00C04F79EFBC}") = "ClassLibrary1", "ClassLibrary1\ClassLibrary1.csproj", "{B732AEAF-143E-451E-B392-8F8FB62373E3}"
EndProject
Global
	GlobalSection(SolutionConfigurationPlatforms) = preSolution
		Debug|Any CPU = Debug|Any CPU
		Debug|x64 = Debug|x64
		Release|Any CPU = Release|Any CPU
		Release|x64 = Release|x64
	EndGlobalSection
	GlobalSection(ProjectConfigurationPlatforms) = postSolution
		{B732AEAF-143E-451E-B392-8F8FB62373E3}.Debug|Any CPU.ActiveCfg = Debug|Any CPU
		{B732AEAF-143E-451E-B392-8F8FB62373E3}.Debug|Any CPU.Build.0 = Debug|Any CPU
		{B732AEAF-143E-451E-B392-8F8FB62373E3}.Debug|x64.ActiveCfg = Debug|x64
		{B732AEAF-143E-451E-B392-8F8FB62373E3}.Debug|x64.Build.0 = Debug|x64
		{B732AEAF-143E-451E-B392-8F8FB62373E3}.Release|Any CPU.ActiveCfg = Release|Any CPU
		{B732AEAF-143E-451E-B392-8F8FB62373E3}.Release|Any CPU.Build.0 = Release|Any CPU
		{B732AEAF-143E-451E-B392-8F8FB62373E3}.Release|x64.ActiveCfg = Release|x64
		{B732AEAF-143E-451E-B392-8F8FB62373E3}.Release|x64.Build.0 = Release|x64
	EndGlobalSection
	GlobalSection(SolutionProperties) = preSolution
		HideSolutionNode = FALSE
	EndGlobalSection
	GlobalSection(ExtensibilityGlobals) = postSolution
		SolutionGuid = {D988C1A7-169E-49AB-82E9-0B26F365704E}
	EndGlobalSection
EndGlobal
