
Microsoft Visual Studio Solution File, Format Version 12.00
# Visual Studio Version 17
VisualStudioVersion = 17.13.35931.197 d17.13
MinimumVisualStudioVersion = 10.0.40219.1
Project("{FAE04EC0-301F-11D3-BF4B-00C04F79EFBC}") = "SQL", "SQL\SQL.csproj", "{186398CF-0CF5-4783-A0E4-BD9CE65269F2}"
EndProject
Global
	GlobalSection(SolutionConfigurationPlatforms) = preSolution
		Debug|Any CPU = Debug|Any CPU
		Debug|x64 = Debug|x64
		Release|Any CPU = Release|Any CPU
		Release|x64 = Release|x64
	EndGlobalSection
	GlobalSection(ProjectConfigurationPlatforms) = postSolution
		{186398CF-0CF5-4783-A0E4-BD9CE65269F2}.Debug|Any CPU.ActiveCfg = Debug|Any CPU
		{186398CF-0CF5-4783-A0E4-BD9CE65269F2}.Debug|Any CPU.Build.0 = Debug|Any CPU
		{186398CF-0CF5-4783-A0E4-BD9CE65269F2}.Debug|x64.ActiveCfg = Debug|x64
		{186398CF-0CF5-4783-A0E4-BD9CE65269F2}.Debug|x64.Build.0 = Debug|x64
		{186398CF-0CF5-4783-A0E4-BD9CE65269F2}.Release|Any CPU.ActiveCfg = Release|Any CPU
		{186398CF-0CF5-4783-A0E4-BD9CE65269F2}.Release|Any CPU.Build.0 = Release|Any CPU
		{186398CF-0CF5-4783-A0E4-BD9CE65269F2}.Release|x64.ActiveCfg = Release|x64
		{186398CF-0CF5-4783-A0E4-BD9CE65269F2}.Release|x64.Build.0 = Release|x64
	EndGlobalSection
	GlobalSection(SolutionProperties) = preSolution
		HideSolutionNode = FALSE
	EndGlobalSection
	GlobalSection(ExtensibilityGlobals) = postSolution
		SolutionGuid = {50963AF2-328D-4E5C-B2AA-0C310DA63714}
	EndGlobalSection
EndGlobal
